{
  "requires": true,
  "lockfileVersion": 1,
  "dependencies": {
    "pure-css-loader": {
      "version": "3.3.3",
      "resolved": "https://registry.npmjs.org/pure-css-loader/-/pure-css-loader-3.3.3.tgz",
      "integrity": "sha512-TUj1fsbo80amjI3khVH8qF5CAn8cw3UvCnNFe2WsPSTipBq0yM3cDSyMGFncA3rs/DeqI80Mx8SltgNUJFJ0pA=="
    }
  }
}
